
Microsoft Visual Studio Solution File, Format Version 12.00
# Visual Studio Version 17
VisualStudioVersion = 17.4.33213.308
MinimumVisualStudioVersion = 10.0.40219.1
Project("{9A19103F-16F7-4668-BE54-9A1E7A4F7556}") = "Services", "Services\Services.csproj", "{F7E9490C-38D6-4C30-8F5F-E622C4C28B2F}"
EndProject
Project("{9A19103F-16F7-4668-BE54-9A1E7A4F7556}") = "Models", "Models\Models.csproj", "{CE109F94-B539-4B0C-8055-91C0A2B69CE3}"
EndProject
Project("{9A19103F-16F7-4668-BE54-9A1E7A4F7556}") = "Entities", "Entities\Entities.csproj", "{768564FC-C0DB-4F57-B2A1-520C3F9D6968}"
EndProject
Project("{9A19103F-16F7-4668-BE54-9A1E7A4F7556}") = "Business_Logic", "Business_Logic\Business_Logic.csproj", "{D22D2DB4-D913-43C2-83EA-BD8CBF93D7B9}"
EndProject
Global
	GlobalSection(SolutionConfigurationPlatforms) = preSolution
		Debug|Any CPU = Debug|Any CPU
		Release|Any CPU = Release|Any CPU
	EndGlobalSection
	GlobalSection(ProjectConfigurationPlatforms) = postSolution
		{F7E9490C-38D6-4C30-8F5F-E622C4C28B2F}.Debug|Any CPU.ActiveCfg = Debug|Any CPU
		{F7E9490C-38D6-4C30-8F5F-E622C4C28B2F}.Debug|Any CPU.Build.0 = Debug|Any CPU
		{F7E9490C-38D6-4C30-8F5F-E622C4C28B2F}.Release|Any CPU.ActiveCfg = Release|Any CPU
		{F7E9490C-38D6-4C30-8F5F-E622C4C28B2F}.Release|Any CPU.Build.0 = Release|Any CPU
		{CE109F94-B539-4B0C-8055-91C0A2B69CE3}.Debug|Any CPU.ActiveCfg = Debug|Any CPU
		{CE109F94-B539-4B0C-8055-91C0A2B69CE3}.Debug|Any CPU.Build.0 = Debug|Any CPU
		{CE109F94-B539-4B0C-8055-91C0A2B69CE3}.Release|Any CPU.ActiveCfg = Release|Any CPU
		{CE109F94-B539-4B0C-8055-91C0A2B69CE3}.Release|Any CPU.Build.0 = Release|Any CPU
		{768564FC-C0DB-4F57-B2A1-520C3F9D6968}.Debug|Any CPU.ActiveCfg = Debug|Any CPU
		{768564FC-C0DB-4F57-B2A1-520C3F9D6968}.Debug|Any CPU.Build.0 = Debug|Any CPU
		{768564FC-C0DB-4F57-B2A1-520C3F9D6968}.Release|Any CPU.ActiveCfg = Release|Any CPU
		{768564FC-C0DB-4F57-B2A1-520C3F9D6968}.Release|Any CPU.Build.0 = Release|Any CPU
		{D22D2DB4-D913-43C2-83EA-BD8CBF93D7B9}.Debug|Any CPU.ActiveCfg = Debug|Any CPU
		{D22D2DB4-D913-43C2-83EA-BD8CBF93D7B9}.Debug|Any CPU.Build.0 = Debug|Any CPU
		{D22D2DB4-D913-43C2-83EA-BD8CBF93D7B9}.Release|Any CPU.ActiveCfg = Release|Any CPU
		{D22D2DB4-D913-43C2-83EA-BD8CBF93D7B9}.Release|Any CPU.Build.0 = Release|Any CPU
	EndGlobalSection
	GlobalSection(SolutionProperties) = preSolution
		HideSolutionNode = FALSE
	EndGlobalSection
	GlobalSection(ExtensibilityGlobals) = postSolution
		SolutionGuid = {67D3B50A-3082-42DA-9D07-4097D2A33939}
	EndGlobalSection
EndGlobal
